<?xml version="1.0" encoding="utf-8"?>
<Project ToolsVersion="4.0" xmlns="http://schemas.microsoft.com/developer/msbuild/2003">
  <ItemGroup>
    <Filter Include="Source Dateien">
      <UniqueIdentifier>{4FC737F1-C7A5-4376-A066-2A32D752A2FF}</UniqueIdentifier>
      <Extensions>cpp;cxx;c;def</Extensions>
    </Filter>
    <Filter Include="Header Dateien">
      <UniqueIdentifier>{93995380-89BD-4b04-88EB-625FBE52EBFB}</UniqueIdentifier>
      <Extensions>h</Extensions>
    </Filter>
    <Filter Include="Form Dateien">
      <UniqueIdentifier>{99349809-55BA-4b9d-BF79-8FDBB0286EB3}</UniqueIdentifier>
      <Extensions>ui</Extensions>
    </Filter>
    <Filter Include="Resource Dateien">
      <UniqueIdentifier>{D9D6E242-F8AF-46E4-B9FD-80ECBC20BA3E}</UniqueIdentifier>
      <Extensions>qrc;*</Extensions>
      <ParseFiles>false</ParseFiles>
    </Filter>
    <Filter Include="Generierte Dateien">
      <UniqueIdentifier>{71ED8ED8-ACB9-4CE9-BBE1-E00B30144E11}</UniqueIdentifier>
      <Extensions>moc;h;cpp</Extensions>
      <SourceControlFiles>False</SourceControlFiles>
    </Filter>
    <Filter Include="Generierte Dateien\Debug">
      <UniqueIdentifier>{bc8903a9-f72a-452f-b405-080bea08e53a}</UniqueIdentifier>
      <Extensions>cpp;moc</Extensions>
      <SourceControlFiles>False</SourceControlFiles>
    </Filter>
    <Filter Include="Generierte Dateien\Release">
      <UniqueIdentifier>{f2d34a15-d16f-4af2-849e-3421028c94a1}</UniqueIdentifier>
      <Extensions>cpp;moc</Extensions>
      <SourceControlFiles>False</SourceControlFiles>
    </Filter>
  </ItemGroup>
  <ItemGroup>
    <ClCompile Include="main.cpp">
      <Filter>Source Dateien</Filter>
    </ClCompile>
    <ClCompile Include="wormhole.cpp">
      <Filter>Source Dateien</Filter>
    </ClCompile>
    <ClCompile Include="GeneratedFiles\qrc_wormhole.cpp">
      <Filter>Generierte Dateien</Filter>
    </ClCompile>
    <ClCompile Include="droppanel.cpp">
      <Filter>Source Dateien</Filter>
    </ClCompile>
    <ClCompile Include="peer.cpp">
      <Filter>Source Dateien</Filter>
    </ClCompile>
    <ClCompile Include="GeneratedFiles\Debug\moc_droppanel.cpp">
      <Filter>Generierte Dateien\Debug</Filter>
    </ClCompile>
    <ClCompile Include="GeneratedFiles\Release\moc_droppanel.cpp">
      <Filter>Generierte Dateien\Release</Filter>
    </ClCompile>
    <ClCompile Include="GeneratedFiles\Debug\moc_wormhole.cpp">
      <Filter>Generierte Dateien\Debug</Filter>
    </ClCompile>
    <ClCompile Include="GeneratedFiles\Release\moc_wormhole.cpp">
      <Filter>Generierte Dateien\Release</Filter>
    </ClCompile>
    <ClCompile Include="nethandler.cpp">
      <Filter>Source Dateien</Filter>
    </ClCompile>
    <ClCompile Include="GeneratedFiles\Debug\moc_nethandler.cpp">
      <Filter>Generierte Dateien\Debug</Filter>
    </ClCompile>
    <ClCompile Include="GeneratedFiles\Release\moc_nethandler.cpp">
      <Filter>Generierte Dateien\Release</Filter>
    </ClCompile>
    <ClCompile Include="file.pb.cc">
      <Filter>Generierte Dateien</Filter>
    </ClCompile>
    <ClCompile Include="qtprotobuf.cpp">
      <Filter>Source Dateien</Filter>
    </ClCompile>
    <ClCompile Include="wormholeservice.cpp">
      <Filter>Source Dateien</Filter>
    </ClCompile>
    <ClCompile Include="GeneratedFiles\Debug\moc_wormholeservice.cpp">
      <Filter>Generierte Dateien\Debug</Filter>
    </ClCompile>
    <ClCompile Include="GeneratedFiles\Release\moc_wormholeservice.cpp">
      <Filter>Generierte Dateien\Release</Filter>
    </ClCompile>
    <ClCompile Include="GeneratedFiles\Debug\moc_connectionhandler.cpp">
      <Filter>Generierte Dateien\Debug</Filter>
    </ClCompile>
    <ClCompile Include="GeneratedFiles\Release\moc_connectionhandler.cpp">
      <Filter>Generierte Dateien\Release</Filter>
    </ClCompile>
    <ClCompile Include="connectionhandler.cpp">
      <Filter>Source Dateien</Filter>
    </ClCompile>
    <ClCompile Include="checksum.cpp">
      <Filter>Source Dateien</Filter>
    </ClCompile>
    <ClCompile Include="connectioninputdialog.cpp">
      <Filter>Source Dateien</Filter>
    </ClCompile>
    <ClCompile Include="GeneratedFiles\Debug\moc_connectioninputdialog.cpp">
      <Filter>Generierte Dateien\Debug</Filter>
    </ClCompile>
    <ClCompile Include="GeneratedFiles\Release\moc_connectioninputdialog.cpp">
      <Filter>Generierte Dateien\Release</Filter>
    </ClCompile>
    <ClCompile Include="debug.cpp">
      <Filter>Source Dateien</Filter>
    </ClCompile>
  </ItemGroup>
  <ItemGroup>
    <CustomBuild Include="wormhole.h">
      <Filter>Header Dateien</Filter>
    </CustomBuild>
    <CustomBuild Include="wormhole.ui">
      <Filter>Form Dateien</Filter>
    </CustomBuild>
    <CustomBuild Include="wormhole.qrc">
      <Filter>Resource Dateien</Filter>
    </CustomBuild>
    <CustomBuild Include="droppanel.h">
      <Filter>Header Dateien</Filter>
    </CustomBuild>
    <CustomBuild Include="droppanel.ui">
      <Filter>Form Dateien</Filter>
    </CustomBuild>
    <CustomBuild Include="peer.h">
      <Filter>Header Dateien</Filter>
    </CustomBuild>
    <CustomBuild Include="nethandler.h">
      <Filter>Header Dateien</Filter>
    </CustomBuild>
    <CustomBuild Include="wormholeservice.h">
      <Filter>Header Dateien</Filter>
    </CustomBuild>
    <CustomBuild Include="connectionhandler.h">
      <Filter>Header Dateien</Filter>
    </CustomBuild>
    <CustomBuild Include="connectioninputdialog.h">
      <Filter>Header Dateien</Filter>
    </CustomBuild>
    <CustomBuild Include="connectioninputdialog.ui">
      <Filter>Form Dateien</Filter>
    </CustomBuild>
  </ItemGroup>
  <ItemGroup>
    <ClInclude Include="GeneratedFiles\ui_wormhole.h">
      <Filter>Generierte Dateien</Filter>
    </ClInclude>
    <ClInclude Include="GeneratedFiles\ui_droppanel.h">
      <Filter>Generierte Dateien</Filter>
    </ClInclude>
    <ClInclude Include="file.pb.h">
      <Filter>Generierte Dateien</Filter>
    </ClInclude>
    <ClInclude Include="qtprotobuf.h">
      <Filter>Header Dateien</Filter>
    </ClInclude>
    <ClInclude Include="checksum.h">
      <Filter>Header Dateien</Filter>
    </ClInclude>
    <ClInclude Include="GeneratedFiles\ui_connectioninputdialog.h">
      <Filter>Generierte Dateien</Filter>
    </ClInclude>
    <ClInclude Include="debug.h">
      <Filter>Header Dateien</Filter>
    </ClInclude>
  </ItemGroup>
  <ItemGroup>
    <ResourceCompile Include="Wormhole.rc" />
  </ItemGroup>
  <ItemGroup>
    <None Include="file.proto" />
  </ItemGroup>
</Project>